
Microsoft Visual Studio Solution File, Format Version 11.00
# Visual Studio 2010
Project("{FAE04EC0-301F-11D3-BF4B-00C04F79EFBC}") = "Faceplant", "Faceplant\Faceplant.csproj", "{30D0D756-D05A-496F-8AAE-14D68DE100E7}"
EndProject
Project("{FAE04EC0-301F-11D3-BF4B-00C04F79EFBC}") = "Faceplant.Core", "Faceplant.Core\Faceplant.Core.csproj", "{88EA8991-2704-48D0-9E8C-0872FAB93471}"
EndProject
Global
	GlobalSection(TestCaseManagementSettings) = postSolution
		CategoryFile = Faceplant.vsmdi
	EndGlobalSection
	GlobalSection(SolutionConfigurationPlatforms) = preSolution
		Debug|Any CPU = Debug|Any CPU
		Release|Any CPU = Release|Any CPU
	EndGlobalSection
	GlobalSection(ProjectConfigurationPlatforms) = postSolution
		{30D0D756-D05A-496F-8AAE-14D68DE100E7}.Debug|Any CPU.ActiveCfg = Debug|Any CPU
		{30D0D756-D05A-496F-8AAE-14D68DE100E7}.Debug|Any CPU.Build.0 = Debug|Any CPU
		{30D0D756-D05A-496F-8AAE-14D68DE100E7}.Release|Any CPU.ActiveCfg = Release|Any CPU
		{30D0D756-D05A-496F-8AAE-14D68DE100E7}.Release|Any CPU.Build.0 = Release|Any CPU
		{88EA8991-2704-48D0-9E8C-0872FAB93471}.Debug|Any CPU.ActiveCfg = Debug|Any CPU
		{88EA8991-2704-48D0-9E8C-0872FAB93471}.Debug|Any CPU.Build.0 = Debug|Any CPU
		{88EA8991-2704-48D0-9E8C-0872FAB93471}.Release|Any CPU.ActiveCfg = Release|Any CPU
		{88EA8991-2704-48D0-9E8C-0872FAB93471}.Release|Any CPU.Build.0 = Release|Any CPU
	EndGlobalSection
	GlobalSection(SolutionProperties) = preSolution
		HideSolutionNode = FALSE
	EndGlobalSection
EndGlobal
