
Microsoft Visual Studio Solution File, Format Version 11.00
# Visual Studio 2010
Project("{FAE04EC0-301F-11D3-BF4B-00C04F79EFBC}") = "SiliconBakery.Site.Helpers", "SiliconBakery.Site.Helpers\SiliconBakery.Site.Helpers.csproj", "{F33D0138-F4A8-494F-9FF5-6A93CA43D2AB}"
EndProject
Global
	GlobalSection(SolutionConfigurationPlatforms) = preSolution
		Debug|Any CPU = Debug|Any CPU
		Release|Any CPU = Release|Any CPU
	EndGlobalSection
	GlobalSection(ProjectConfigurationPlatforms) = postSolution
		{F33D0138-F4A8-494F-9FF5-6A93CA43D2AB}.Debug|Any CPU.ActiveCfg = Debug|Any CPU
		{F33D0138-F4A8-494F-9FF5-6A93CA43D2AB}.Debug|Any CPU.Build.0 = Debug|Any CPU
		{F33D0138-F4A8-494F-9FF5-6A93CA43D2AB}.Release|Any CPU.ActiveCfg = Release|Any CPU
		{F33D0138-F4A8-494F-9FF5-6A93CA43D2AB}.Release|Any CPU.Build.0 = Release|Any CPU
	EndGlobalSection
	GlobalSection(SolutionProperties) = preSolution
		HideSolutionNode = FALSE
	EndGlobalSection
EndGlobal
