
Microsoft Visual Studio Solution File, Format Version 11.00
# Visual Studio 2010
Project("{2150E333-8FDC-42A3-9474-1A3956D46DE8}") = "Chat", "Chat", "{8E3AFE02-5C1E-47B2-9C46-25EFA2E830E8}"
EndProject
Project("{FAE04EC0-301F-11D3-BF4B-00C04F79EFBC}") = "ChatClient", "Chat\ChatClient\ChatClient.csproj", "{B3925C19-72DE-4E68-A505-C3D3C18A480D}"
EndProject
Project("{FAE04EC0-301F-11D3-BF4B-00C04F79EFBC}") = "ChatService", "Chat\ChatService\ChatService.csproj", "{2F81DF18-9DED-4857-9EFF-8BAEBD915AF0}"
EndProject
Project("{FAE04EC0-301F-11D3-BF4B-00C04F79EFBC}") = "ChatTestClient", "Chat\ChatTestClient\ChatTestClient.csproj", "{1F575AA5-9AC1-45C0-8786-7E8E82E10C4E}"
EndProject
Project("{2150E333-8FDC-42A3-9474-1A3956D46DE8}") = "Game", "Game", "{AAC4B1B9-C821-4184-97C1-01492C503CB7}"
EndProject
Project("{FAE04EC0-301F-11D3-BF4B-00C04F79EFBC}") = "GameClient", "Game\GameClient\GameClient.csproj", "{AA445616-5A82-4468-92AC-775E3E404511}"
EndProject
Project("{FAE04EC0-301F-11D3-BF4B-00C04F79EFBC}") = "GameService", "Game\GameService\GameService.csproj", "{04C914A9-D2B7-4DC0-B77D-47CAB021B663}"
EndProject
Project("{FAE04EC0-301F-11D3-BF4B-00C04F79EFBC}") = "GameTestClient", "Game\GameTestClient\GameTestClient.csproj", "{FF50E838-3C74-4137-B8BE-567263BB60B5}"
EndProject
Project("{2150E333-8FDC-42A3-9474-1A3956D46DE8}") = "Echo", "Echo", "{D9D36C21-7B45-4E06-A407-17C381A595D0}"
EndProject
Project("{FAE04EC0-301F-11D3-BF4B-00C04F79EFBC}") = "EchoService", "Echo\EchoService\EchoService.csproj", "{02DFB46B-17D4-4316-B2FA-77D42D85E608}"
EndProject
Project("{2150E333-8FDC-42A3-9474-1A3956D46DE8}") = "Subscription", "Subscription", "{D5C1AE62-D32C-4C8F-B60E-5C4F9CA8D519}"
EndProject
Project("{FAE04EC0-301F-11D3-BF4B-00C04F79EFBC}") = "SubscriptionClient", "Subscription\SubscriptionClient\SubscriptionClient.csproj", "{F6BD6624-FE1F-44AA-9872-39FF860EAFA8}"
EndProject
Project("{FAE04EC0-301F-11D3-BF4B-00C04F79EFBC}") = "SubscriptionService", "Subscription\SubscriptionService\SubscriptionService.csproj", "{96F25DCA-AFF9-45A4-8A71-2F804D9AB666}"
EndProject
Global
	GlobalSection(SolutionConfigurationPlatforms) = preSolution
		Debug|Any CPU = Debug|Any CPU
		Release|Any CPU = Release|Any CPU
	EndGlobalSection
	GlobalSection(ProjectConfigurationPlatforms) = postSolution
		{B3925C19-72DE-4E68-A505-C3D3C18A480D}.Debug|Any CPU.ActiveCfg = Debug|Any CPU
		{B3925C19-72DE-4E68-A505-C3D3C18A480D}.Debug|Any CPU.Build.0 = Debug|Any CPU
		{B3925C19-72DE-4E68-A505-C3D3C18A480D}.Release|Any CPU.ActiveCfg = Release|Any CPU
		{B3925C19-72DE-4E68-A505-C3D3C18A480D}.Release|Any CPU.Build.0 = Release|Any CPU
		{2F81DF18-9DED-4857-9EFF-8BAEBD915AF0}.Debug|Any CPU.ActiveCfg = Debug|Any CPU
		{2F81DF18-9DED-4857-9EFF-8BAEBD915AF0}.Debug|Any CPU.Build.0 = Debug|Any CPU
		{2F81DF18-9DED-4857-9EFF-8BAEBD915AF0}.Release|Any CPU.ActiveCfg = Release|Any CPU
		{2F81DF18-9DED-4857-9EFF-8BAEBD915AF0}.Release|Any CPU.Build.0 = Release|Any CPU
		{1F575AA5-9AC1-45C0-8786-7E8E82E10C4E}.Debug|Any CPU.ActiveCfg = Debug|Any CPU
		{1F575AA5-9AC1-45C0-8786-7E8E82E10C4E}.Debug|Any CPU.Build.0 = Debug|Any CPU
		{1F575AA5-9AC1-45C0-8786-7E8E82E10C4E}.Release|Any CPU.ActiveCfg = Release|Any CPU
		{1F575AA5-9AC1-45C0-8786-7E8E82E10C4E}.Release|Any CPU.Build.0 = Release|Any CPU
		{AA445616-5A82-4468-92AC-775E3E404511}.Debug|Any CPU.ActiveCfg = Debug|Any CPU
		{AA445616-5A82-4468-92AC-775E3E404511}.Debug|Any CPU.Build.0 = Debug|Any CPU
		{AA445616-5A82-4468-92AC-775E3E404511}.Release|Any CPU.ActiveCfg = Release|Any CPU
		{AA445616-5A82-4468-92AC-775E3E404511}.Release|Any CPU.Build.0 = Release|Any CPU
		{04C914A9-D2B7-4DC0-B77D-47CAB021B663}.Debug|Any CPU.ActiveCfg = Debug|Any CPU
		{04C914A9-D2B7-4DC0-B77D-47CAB021B663}.Debug|Any CPU.Build.0 = Debug|Any CPU
		{04C914A9-D2B7-4DC0-B77D-47CAB021B663}.Release|Any CPU.ActiveCfg = Release|Any CPU
		{04C914A9-D2B7-4DC0-B77D-47CAB021B663}.Release|Any CPU.Build.0 = Release|Any CPU
		{FF50E838-3C74-4137-B8BE-567263BB60B5}.Debug|Any CPU.ActiveCfg = Debug|Any CPU
		{FF50E838-3C74-4137-B8BE-567263BB60B5}.Debug|Any CPU.Build.0 = Debug|Any CPU
		{FF50E838-3C74-4137-B8BE-567263BB60B5}.Release|Any CPU.ActiveCfg = Release|Any CPU
		{FF50E838-3C74-4137-B8BE-567263BB60B5}.Release|Any CPU.Build.0 = Release|Any CPU
		{02DFB46B-17D4-4316-B2FA-77D42D85E608}.Debug|Any CPU.ActiveCfg = Debug|Any CPU
		{02DFB46B-17D4-4316-B2FA-77D42D85E608}.Debug|Any CPU.Build.0 = Debug|Any CPU
		{02DFB46B-17D4-4316-B2FA-77D42D85E608}.Release|Any CPU.ActiveCfg = Release|Any CPU
		{02DFB46B-17D4-4316-B2FA-77D42D85E608}.Release|Any CPU.Build.0 = Release|Any CPU
		{F6BD6624-FE1F-44AA-9872-39FF860EAFA8}.Debug|Any CPU.ActiveCfg = Debug|Any CPU
		{F6BD6624-FE1F-44AA-9872-39FF860EAFA8}.Debug|Any CPU.Build.0 = Debug|Any CPU
		{F6BD6624-FE1F-44AA-9872-39FF860EAFA8}.Release|Any CPU.ActiveCfg = Release|Any CPU
		{F6BD6624-FE1F-44AA-9872-39FF860EAFA8}.Release|Any CPU.Build.0 = Release|Any CPU
		{96F25DCA-AFF9-45A4-8A71-2F804D9AB666}.Debug|Any CPU.ActiveCfg = Debug|Any CPU
		{96F25DCA-AFF9-45A4-8A71-2F804D9AB666}.Debug|Any CPU.Build.0 = Debug|Any CPU
		{96F25DCA-AFF9-45A4-8A71-2F804D9AB666}.Release|Any CPU.ActiveCfg = Release|Any CPU
		{96F25DCA-AFF9-45A4-8A71-2F804D9AB666}.Release|Any CPU.Build.0 = Release|Any CPU
	EndGlobalSection
	GlobalSection(SolutionProperties) = preSolution
		HideSolutionNode = FALSE
	EndGlobalSection
	GlobalSection(NestedProjects) = preSolution
		{B3925C19-72DE-4E68-A505-C3D3C18A480D} = {8E3AFE02-5C1E-47B2-9C46-25EFA2E830E8}
		{2F81DF18-9DED-4857-9EFF-8BAEBD915AF0} = {8E3AFE02-5C1E-47B2-9C46-25EFA2E830E8}
		{1F575AA5-9AC1-45C0-8786-7E8E82E10C4E} = {8E3AFE02-5C1E-47B2-9C46-25EFA2E830E8}
		{AA445616-5A82-4468-92AC-775E3E404511} = {AAC4B1B9-C821-4184-97C1-01492C503CB7}
		{04C914A9-D2B7-4DC0-B77D-47CAB021B663} = {AAC4B1B9-C821-4184-97C1-01492C503CB7}
		{FF50E838-3C74-4137-B8BE-567263BB60B5} = {AAC4B1B9-C821-4184-97C1-01492C503CB7}
		{02DFB46B-17D4-4316-B2FA-77D42D85E608} = {D9D36C21-7B45-4E06-A407-17C381A595D0}
		{F6BD6624-FE1F-44AA-9872-39FF860EAFA8} = {D5C1AE62-D32C-4C8F-B60E-5C4F9CA8D519}
		{96F25DCA-AFF9-45A4-8A71-2F804D9AB666} = {D5C1AE62-D32C-4C8F-B60E-5C4F9CA8D519}
	EndGlobalSection
EndGlobal
